
Microsoft Visual Studio Solution File, Format Version 12.00
# Visual Studio 15
VisualStudioVersion = 15.0.26228.4
MinimumVisualStudioVersion = 10.0.40219.1
Project("{E24C65DC-7377-472B-9ABA-BC803B73C61A}") = "RScarello", "..\RScarello\", "{06C40A5E-C8C3-4AD5-BAA4-AC3F050A57FF}"
	ProjectSection(WebsiteProperties) = preProject
		TargetFrameworkMoniker = ".NETFramework,Version%3Dv4.6"
		Debug.AspNetCompiler.VirtualPath = "/localhost_55587"
		Debug.AspNetCompiler.PhysicalPath = "..\RScarello\"
		Debug.AspNetCompiler.TargetPath = "PrecompiledWeb\localhost_55587\"
		Debug.AspNetCompiler.Updateable = "true"
		Debug.AspNetCompiler.ForceOverwrite = "true"
		Debug.AspNetCompiler.FixedNames = "false"
		Debug.AspNetCompiler.Debug = "True"
		Release.AspNetCompiler.VirtualPath = "/localhost_55587"
		Release.AspNetCompiler.PhysicalPath = "..\RScarello\"
		Release.AspNetCompiler.TargetPath = "PrecompiledWeb\localhost_55587\"
		Release.AspNetCompiler.Updateable = "true"
		Release.AspNetCompiler.ForceOverwrite = "true"
		Release.AspNetCompiler.FixedNames = "false"
		Release.AspNetCompiler.Debug = "False"
		VWDPort = "55587"
		SlnRelativePath = "..\RScarello\"
		DefaultWebSiteLanguage = "Visual C#"
	EndProjectSection
EndProject
Global
	GlobalSection(SolutionConfigurationPlatforms) = preSolution
		Debug|Any CPU = Debug|Any CPU
	EndGlobalSection
	GlobalSection(ProjectConfigurationPlatforms) = postSolution
		{06C40A5E-C8C3-4AD5-BAA4-AC3F050A57FF}.Debug|Any CPU.ActiveCfg = Debug|Any CPU
		{06C40A5E-C8C3-4AD5-BAA4-AC3F050A57FF}.Debug|Any CPU.Build.0 = Debug|Any CPU
	EndGlobalSection
	GlobalSection(SolutionProperties) = preSolution
		HideSolutionNode = FALSE
	EndGlobalSection
EndGlobal
